
Microsoft Visual Studio Solution File, Format Version 12.00
# Visual Studio Version 17
VisualStudioVersion = 17.4.33103.184
MinimumVisualStudioVersion = 10.0.40219.1
Project("{FAE04EC0-301F-11D3-BF4B-00C04F79EFBC}") = "task5", "task5\task5.csproj", "{2ACE4426-EA77-492D-AA61-FDC712CBB04C}"
EndProject
Global
	GlobalSection(SolutionConfigurationPlatforms) = preSolution
		Debug|Any CPU = Debug|Any CPU
		Release|Any CPU = Release|Any CPU
	EndGlobalSection
	GlobalSection(ProjectConfigurationPlatforms) = postSolution
		{2ACE4426-EA77-492D-AA61-FDC712CBB04C}.Debug|Any CPU.ActiveCfg = Debug|Any CPU
		{2ACE4426-EA77-492D-AA61-FDC712CBB04C}.Debug|Any CPU.Build.0 = Debug|Any CPU
		{2ACE4426-EA77-492D-AA61-FDC712CBB04C}.Release|Any CPU.ActiveCfg = Release|Any CPU
		{2ACE4426-EA77-492D-AA61-FDC712CBB04C}.Release|Any CPU.Build.0 = Release|Any CPU
	EndGlobalSection
	GlobalSection(SolutionProperties) = preSolution
		HideSolutionNode = FALSE
	EndGlobalSection
	GlobalSection(ExtensibilityGlobals) = postSolution
		SolutionGuid = {2C0F91FA-A958-412D-98E7-DB8647F5FBE4}
	EndGlobalSection
EndGlobal
